// !$*UTF8*$!
{
	archiveVersion = 1;
	classes = {
	};
	objectVersion = 56;
	objects = {

/* Begin PBXBuildFile section */
		6CDB0F2D2A727D40002F276F /* MegatenFusionToolApp.swift in Sources */ = {isa = PBXBuildFile; fileRef = 6CDB0F2C2A727D40002F276F /* MegatenFusionToolApp.swift */; };
		6CDB0F312A727D41002F276F /* Assets.xcassets in Resources */ = {isa = PBXBuildFile; fileRef = 6CDB0F302A727D41002F276F /* Assets.xcassets */; };
		6CDB0F342A727D41002F276F /* Preview Assets.xcassets in Resources */ = {isa = PBXBuildFile; fileRef = 6CDB0F332A727D41002F276F /* Preview Assets.xcassets */; };
		6CDB0F362A727D41002F276F /* Persistence.swift in Sources */ = {isa = PBXBuildFile; fileRef = 6CDB0F352A727D41002F276F /* Persistence.swift */; };
		6CDB0F392A727D41002F276F /* MegatenFusionTool.xcdatamodeld in Sources */ = {isa = PBXBuildFile; fileRef = 6CDB0F372A727D41002F276F /* MegatenFusionTool.xcdatamodeld */; };
		6CDB0F422A727D51002F276F /* Demon.swift in Sources */ = {isa = PBXBuildFile; fileRef = 6CDB0F412A727D51002F276F /* Demon.swift */; };
		6CDB0F442A728088002F276F /* fusion_tool_data in Resources */ = {isa = PBXBuildFile; fileRef = 6CDB0F432A728088002F276F /* fusion_tool_data */; };
		6CDB0F472A728168002F276F /* JSONLoad.swift in Sources */ = {isa = PBXBuildFile; fileRef = 6CDB0F462A728168002F276F /* JSONLoad.swift */; };
		6CDB0F492A728200002F276F /* Compendium.swift in Sources */ = {isa = PBXBuildFile; fileRef = 6CDB0F482A728200002F276F /* Compendium.swift */; };
		6CDB0F4B2A728380002F276F /* Games.swift in Sources */ = {isa = PBXBuildFile; fileRef = 6CDB0F4A2A728380002F276F /* Games.swift */; };
		6CDB0F4E2A72B5FE002F276F /* SwiftyJSON.swift in Sources */ = {isa = PBXBuildFile; fileRef = 6CDB0F4D2A72B5FE002F276F /* SwiftyJSON.swift */; };
		6CDB0F532A732D0E002F276F /* DemonRow.swift in Sources */ = {isa = PBXBuildFile; fileRef = 6CDB0F522A732D0E002F276F /* DemonRow.swift */; };
		6CDB0F552A732D9A002F276F /* ModelData.swift in Sources */ = {isa = PBXBuildFile; fileRef = 6CDB0F542A732D9A002F276F /* ModelData.swift */; };
		6CDB0F592A732F44002F276F /* DemonList.swift in Sources */ = {isa = PBXBuildFile; fileRef = 6CDB0F582A732F44002F276F /* DemonList.swift */; };
		6CDB0F5B2A7330A5002F276F /* DemonDetail.swift in Sources */ = {isa = PBXBuildFile; fileRef = 6CDB0F5A2A7330A5002F276F /* DemonDetail.swift */; };
		6CDB0F5D2A733184002F276F /* ContentView.swift in Sources */ = {isa = PBXBuildFile; fileRef = 6CDB0F5C2A733184002F276F /* ContentView.swift */; };
		6CDB0F5F2A733A95002F276F /* MainView.swift in Sources */ = {isa = PBXBuildFile; fileRef = 6CDB0F5E2A733A95002F276F /* MainView.swift */; };
		6CDB0F612A733B3F002F276F /* SkillList.swift in Sources */ = {isa = PBXBuildFile; fileRef = 6CDB0F602A733B3F002F276F /* SkillList.swift */; };
		6CDB0F632A733BEC002F276F /* SkillRow.swift in Sources */ = {isa = PBXBuildFile; fileRef = 6CDB0F622A733BEC002F276F /* SkillRow.swift */; };
		6CDB0F652A733E16002F276F /* SkillDetail.swift in Sources */ = {isa = PBXBuildFile; fileRef = 6CDB0F642A733E16002F276F /* SkillDetail.swift */; };
		6CDB0F672A7341AE002F276F /* StatsTable.swift in Sources */ = {isa = PBXBuildFile; fileRef = 6CDB0F662A7341AE002F276F /* StatsTable.swift */; };
		6CDB0F692A7348DC002F276F /* Settings.swift in Sources */ = {isa = PBXBuildFile; fileRef = 6CDB0F682A7348DC002F276F /* Settings.swift */; };
/* End PBXBuildFile section */

/* Begin PBXFileReference section */
		6CDB0F292A727D40002F276F /* MegatenFusionTool.app */ = {isa = PBXFileReference; explicitFileType = wrapper.application; includeInIndex = 0; path = MegatenFusionTool.app; sourceTree = BUILT_PRODUCTS_DIR; };
		6CDB0F2C2A727D40002F276F /* MegatenFusionToolApp.swift */ = {isa = PBXFileReference; lastKnownFileType = sourcecode.swift; path = MegatenFusionToolApp.swift; sourceTree = "<group>"; };
		6CDB0F302A727D41002F276F /* Assets.xcassets */ = {isa = PBXFileReference; lastKnownFileType = folder.assetcatalog; path = Assets.xcassets; sourceTree = "<group>"; };
		6CDB0F332A727D41002F276F /* Preview Assets.xcassets */ = {isa = PBXFileReference; lastKnownFileType = folder.assetcatalog; path = "Preview Assets.xcassets"; sourceTree = "<group>"; };
		6CDB0F352A727D41002F276F /* Persistence.swift */ = {isa = PBXFileReference; lastKnownFileType = sourcecode.swift; path = Persistence.swift; sourceTree = "<group>"; };
		6CDB0F382A727D41002F276F /* MegatenFusionTool.xcdatamodel */ = {isa = PBXFileReference; lastKnownFileType = wrapper.xcdatamodel; path = MegatenFusionTool.xcdatamodel; sourceTree = "<group>"; };
		6CDB0F3A2A727D41002F276F /* MegatenFusionTool.entitlements */ = {isa = PBXFileReference; lastKnownFileType = text.plist.entitlements; path = MegatenFusionTool.entitlements; sourceTree = "<group>"; };
		6CDB0F412A727D51002F276F /* Demon.swift */ = {isa = PBXFileReference; lastKnownFileType = sourcecode.swift; path = Demon.swift; sourceTree = "<group>"; };
		6CDB0F432A728088002F276F /* fusion_tool_data */ = {isa = PBXFileReference; lastKnownFileType = folder; path = fusion_tool_data; sourceTree = "<group>"; };
		6CDB0F462A728168002F276F /* JSONLoad.swift */ = {isa = PBXFileReference; lastKnownFileType = sourcecode.swift; path = JSONLoad.swift; sourceTree = "<group>"; };
		6CDB0F482A728200002F276F /* Compendium.swift */ = {isa = PBXFileReference; lastKnownFileType = sourcecode.swift; path = Compendium.swift; sourceTree = "<group>"; };
		6CDB0F4A2A728380002F276F /* Games.swift */ = {isa = PBXFileReference; lastKnownFileType = sourcecode.swift; path = Games.swift; sourceTree = "<group>"; };
		6CDB0F4C2A72A140002F276F /* Testing.playground */ = {isa = PBXFileReference; lastKnownFileType = file.playground; path = Testing.playground; sourceTree = "<group>"; xcLanguageSpecificationIdentifier = xcode.lang.swift; };
		6CDB0F4D2A72B5FE002F276F /* SwiftyJSON.swift */ = {isa = PBXFileReference; fileEncoding = 4; lastKnownFileType = sourcecode.swift; path = SwiftyJSON.swift; sourceTree = "<group>"; };
		6CDB0F522A732D0E002F276F /* DemonRow.swift */ = {isa = PBXFileReference; lastKnownFileType = sourcecode.swift; path = DemonRow.swift; sourceTree = "<group>"; };
		6CDB0F542A732D9A002F276F /* ModelData.swift */ = {isa = PBXFileReference; lastKnownFileType = sourcecode.swift; path = ModelData.swift; sourceTree = "<group>"; };
		6CDB0F582A732F44002F276F /* DemonList.swift */ = {isa = PBXFileReference; lastKnownFileType = sourcecode.swift; path = DemonList.swift; sourceTree = "<group>"; };
		6CDB0F5A2A7330A5002F276F /* DemonDetail.swift */ = {isa = PBXFileReference; lastKnownFileType = sourcecode.swift; path = DemonDetail.swift; sourceTree = "<group>"; };
		6CDB0F5C2A733184002F276F /* ContentView.swift */ = {isa = PBXFileReference; lastKnownFileType = sourcecode.swift; path = ContentView.swift; sourceTree = "<group>"; };
		6CDB0F5E2A733A95002F276F /* MainView.swift */ = {isa = PBXFileReference; lastKnownFileType = sourcecode.swift; path = MainView.swift; sourceTree = "<group>"; };
		6CDB0F602A733B3F002F276F /* SkillList.swift */ = {isa = PBXFileReference; lastKnownFileType = sourcecode.swift; path = SkillList.swift; sourceTree = "<group>"; };
		6CDB0F622A733BEC002F276F /* SkillRow.swift */ = {isa = PBXFileReference; lastKnownFileType = sourcecode.swift; path = SkillRow.swift; sourceTree = "<group>"; };
		6CDB0F642A733E16002F276F /* SkillDetail.swift */ = {isa = PBXFileReference; lastKnownFileType = sourcecode.swift; path = SkillDetail.swift; sourceTree = "<group>"; };
		6CDB0F662A7341AE002F276F /* StatsTable.swift */ = {isa = PBXFileReference; lastKnownFileType = sourcecode.swift; path = StatsTable.swift; sourceTree = "<group>"; };
		6CDB0F682A7348DC002F276F /* Settings.swift */ = {isa = PBXFileReference; lastKnownFileType = sourcecode.swift; path = Settings.swift; sourceTree = "<group>"; };
/* End PBXFileReference section */

/* Begin PBXFrameworksBuildPhase section */
		6CDB0F262A727D40002F276F /* Frameworks */ = {
			isa = PBXFrameworksBuildPhase;
			buildActionMask = 2147483647;
			files = (
			);
			runOnlyForDeploymentPostprocessing = 0;
		};
/* End PBXFrameworksBuildPhase section */

/* Begin PBXGroup section */
		6CDB0F202A727D40002F276F = {
			isa = PBXGroup;
			children = (
				6CDB0F432A728088002F276F /* fusion_tool_data */,
				6CDB0F2B2A727D40002F276F /* MegatenFusionTool */,
				6CDB0F2A2A727D40002F276F /* Products */,
			);
			sourceTree = "<group>";
		};
		6CDB0F2A2A727D40002F276F /* Products */ = {
			isa = PBXGroup;
			children = (
				6CDB0F292A727D40002F276F /* MegatenFusionTool.app */,
			);
			name = Products;
			sourceTree = "<group>";
		};
		6CDB0F2B2A727D40002F276F /* MegatenFusionTool */ = {
			isa = PBXGroup;
			children = (
				6CDB0F2C2A727D40002F276F /* MegatenFusionToolApp.swift */,
				6CDB0F452A728157002F276F /* Functions */,
				6CDB0F402A727D46002F276F /* Objects */,
				6CDB0F4F2A732CB1002F276F /* Views */,
				6CDB0F302A727D41002F276F /* Assets.xcassets */,
				6CDB0F352A727D41002F276F /* Persistence.swift */,
				6CDB0F3A2A727D41002F276F /* MegatenFusionTool.entitlements */,
				6CDB0F372A727D41002F276F /* MegatenFusionTool.xcdatamodeld */,
				6CDB0F322A727D41002F276F /* Preview Content */,
				6CDB0F4C2A72A140002F276F /* Testing.playground */,
			);
			path = MegatenFusionTool;
			sourceTree = "<group>";
		};
		6CDB0F322A727D41002F276F /* Preview Content */ = {
			isa = PBXGroup;
			children = (
				6CDB0F332A727D41002F276F /* Preview Assets.xcassets */,
			);
			path = "Preview Content";
			sourceTree = "<group>";
		};
		6CDB0F402A727D46002F276F /* Objects */ = {
			isa = PBXGroup;
			children = (
				6CDB0F412A727D51002F276F /* Demon.swift */,
				6CDB0F482A728200002F276F /* Compendium.swift */,
				6CDB0F4A2A728380002F276F /* Games.swift */,
			);
			path = Objects;
			sourceTree = "<group>";
		};
		6CDB0F452A728157002F276F /* Functions */ = {
			isa = PBXGroup;
			children = (
				6CDB0F4D2A72B5FE002F276F /* SwiftyJSON.swift */,
				6CDB0F462A728168002F276F /* JSONLoad.swift */,
			);
			path = Functions;
			sourceTree = "<group>";
		};
		6CDB0F4F2A732CB1002F276F /* Views */ = {
			isa = PBXGroup;
			children = (
				6CDB0F522A732D0E002F276F /* DemonRow.swift */,
				6CDB0F682A7348DC002F276F /* Settings.swift */,
				6CDB0F622A733BEC002F276F /* SkillRow.swift */,
				6CDB0F542A732D9A002F276F /* ModelData.swift */,
				6CDB0F582A732F44002F276F /* DemonList.swift */,
				6CDB0F642A733E16002F276F /* SkillDetail.swift */,
				6CDB0F602A733B3F002F276F /* SkillList.swift */,
				6CDB0F5E2A733A95002F276F /* MainView.swift */,
				6CDB0F662A7341AE002F276F /* StatsTable.swift */,
				6CDB0F5A2A7330A5002F276F /* DemonDetail.swift */,
				6CDB0F5C2A733184002F276F /* ContentView.swift */,
			);
			path = Views;
			sourceTree = "<group>";
		};
/* End PBXGroup section */

/* Begin PBXNativeTarget section */
		6CDB0F282A727D40002F276F /* MegatenFusionTool */ = {
			isa = PBXNativeTarget;
			buildConfigurationList = 6CDB0F3D2A727D41002F276F /* Build configuration list for PBXNativeTarget "MegatenFusionTool" */;
			buildPhases = (
				6CDB0F252A727D40002F276F /* Sources */,
				6CDB0F262A727D40002F276F /* Frameworks */,
				6CDB0F272A727D40002F276F /* Resources */,
			);
			buildRules = (
			);
			dependencies = (
			);
			name = MegatenFusionTool;
			productName = MegatenFusionTool;
			productReference = 6CDB0F292A727D40002F276F /* MegatenFusionTool.app */;
			productType = "com.apple.product-type.application";
		};
/* End PBXNativeTarget section */

/* Begin PBXProject section */
		6CDB0F212A727D40002F276F /* Project object */ = {
			isa = PBXProject;
			attributes = {
				BuildIndependentTargetsInParallel = 1;
				LastSwiftUpdateCheck = 1430;
				LastUpgradeCheck = 1430;
				TargetAttributes = {
					6CDB0F282A727D40002F276F = {
						CreatedOnToolsVersion = 14.3.1;
					};
				};
			};
			buildConfigurationList = 6CDB0F242A727D40002F276F /* Build configuration list for PBXProject "MegatenFusionTool" */;
			compatibilityVersion = "Xcode 14.0";
			developmentRegion = en;
			hasScannedForEncodings = 0;
			knownRegions = (
				en,
				Base,
			);
			mainGroup = 6CDB0F202A727D40002F276F;
			productRefGroup = 6CDB0F2A2A727D40002F276F /* Products */;
			projectDirPath = "";
			projectRoot = "";
			targets = (
				6CDB0F282A727D40002F276F /* MegatenFusionTool */,
			);
		};
/* End PBXProject section */

/* Begin PBXResourcesBuildPhase section */
		6CDB0F272A727D40002F276F /* Resources */ = {
			isa = PBXResourcesBuildPhase;
			buildActionMask = 2147483647;
			files = (
				6CDB0F442A728088002F276F /* fusion_tool_data in Resources */,
				6CDB0F342A727D41002F276F /* Preview Assets.xcassets in Resources */,
				6CDB0F312A727D41002F276F /* Assets.xcassets in Resources */,
			);
			runOnlyForDeploymentPostprocessing = 0;
		};
/* End PBXResourcesBuildPhase section */

/* Begin PBXSourcesBuildPhase section */
		6CDB0F252A727D40002F276F /* Sources */ = {
			isa = PBXSourcesBuildPhase;
			buildActionMask = 2147483647;
			files = (
				6CDB0F652A733E16002F276F /* SkillDetail.swift in Sources */,
				6CDB0F632A733BEC002F276F /* SkillRow.swift in Sources */,
				6CDB0F362A727D41002F276F /* Persistence.swift in Sources */,
				6CDB0F5F2A733A95002F276F /* MainView.swift in Sources */,
				6CDB0F392A727D41002F276F /* MegatenFusionTool.xcdatamodeld in Sources */,
				6CDB0F492A728200002F276F /* Compendium.swift in Sources */,
				6CDB0F4B2A728380002F276F /* Games.swift in Sources */,
				6CDB0F532A732D0E002F276F /* DemonRow.swift in Sources */,
				6CDB0F472A728168002F276F /* JSONLoad.swift in Sources */,
				6CDB0F552A732D9A002F276F /* ModelData.swift in Sources */,
				6CDB0F5B2A7330A5002F276F /* DemonDetail.swift in Sources */,
				6CDB0F4E2A72B5FE002F276F /* SwiftyJSON.swift in Sources */,
				6CDB0F592A732F44002F276F /* DemonList.swift in Sources */,
				6CDB0F5D2A733184002F276F /* ContentView.swift in Sources */,
				6CDB0F2D2A727D40002F276F /* MegatenFusionToolApp.swift in Sources */,
				6CDB0F422A727D51002F276F /* Demon.swift in Sources */,
				6CDB0F672A7341AE002F276F /* StatsTable.swift in Sources */,
				6CDB0F612A733B3F002F276F /* SkillList.swift in Sources */,
				6CDB0F692A7348DC002F276F /* Settings.swift in Sources */,
			);
			runOnlyForDeploymentPostprocessing = 0;
		};
/* End PBXSourcesBuildPhase section */

/* Begin XCBuildConfiguration section */
		6CDB0F3B2A727D41002F276F /* Debug */ = {
			isa = XCBuildConfiguration;
			buildSettings = {
				ALWAYS_SEARCH_USER_PATHS = NO;
				CLANG_ANALYZER_NONNULL = YES;
				CLANG_ANALYZER_NUMBER_OBJECT_CONVERSION = YES_AGGRESSIVE;
				CLANG_CXX_LANGUAGE_STANDARD = "gnu++20";
				CLANG_ENABLE_MODULES = YES;
				CLANG_ENABLE_OBJC_ARC = YES;
				CLANG_ENABLE_OBJC_WEAK = YES;
				CLANG_WARN_BLOCK_CAPTURE_AUTORELEASING = YES;
				CLANG_WARN_BOOL_CONVERSION = YES;
				CLANG_WARN_COMMA = YES;
				CLANG_WARN_CONSTANT_CONVERSION = YES;
				CLANG_WARN_DEPRECATED_OBJC_IMPLEMENTATIONS = YES;
				CLANG_WARN_DIRECT_OBJC_ISA_USAGE = YES_ERROR;
				CLANG_WARN_DOCUMENTATION_COMMENTS = YES;
				CLANG_WARN_EMPTY_BODY = YES;
				CLANG_WARN_ENUM_CONVERSION = YES;
				CLANG_WARN_INFINITE_RECURSION = YES;
				CLANG_WARN_INT_CONVERSION = YES;
				CLANG_WARN_NON_LITERAL_NULL_CONVERSION = YES;
				CLANG_WARN_OBJC_IMPLICIT_RETAIN_SELF = YES;
				CLANG_WARN_OBJC_LITERAL_CONVERSION = YES;
				CLANG_WARN_OBJC_ROOT_CLASS = YES_ERROR;
				CLANG_WARN_QUOTED_INCLUDE_IN_FRAMEWORK_HEADER = YES;
				CLANG_WARN_RANGE_LOOP_ANALYSIS = YES;
				CLANG_WARN_STRICT_PROTOTYPES = YES;
				CLANG_WARN_SUSPICIOUS_MOVE = YES;
				CLANG_WARN_UNGUARDED_AVAILABILITY = YES_AGGRESSIVE;
				CLANG_WARN_UNREACHABLE_CODE = YES;
				CLANG_WARN__DUPLICATE_METHOD_MATCH = YES;
				COPY_PHASE_STRIP = NO;
				DEBUG_INFORMATION_FORMAT = dwarf;
				ENABLE_STRICT_OBJC_MSGSEND = YES;
				ENABLE_TESTABILITY = YES;
				GCC_C_LANGUAGE_STANDARD = gnu11;
				GCC_DYNAMIC_NO_PIC = NO;
				GCC_NO_COMMON_BLOCKS = YES;
				GCC_OPTIMIZATION_LEVEL = 0;
				GCC_PREPROCESSOR_DEFINITIONS = (
					"DEBUG=1",
					"$(inherited)",
				);
				GCC_WARN_64_TO_32_BIT_CONVERSION = YES;
				GCC_WARN_ABOUT_RETURN_TYPE = YES_ERROR;
				GCC_WARN_UNDECLARED_SELECTOR = YES;
				GCC_WARN_UNINITIALIZED_AUTOS = YES_AGGRESSIVE;
				GCC_WARN_UNUSED_FUNCTION = YES;
				GCC_WARN_UNUSED_VARIABLE = YES;
				MACOSX_DEPLOYMENT_TARGET = 13.3;
				MTL_ENABLE_DEBUG_INFO = INCLUDE_SOURCE;
				MTL_FAST_MATH = YES;
				ONLY_ACTIVE_ARCH = YES;
				SDKROOT = macosx;
				SWIFT_ACTIVE_COMPILATION_CONDITIONS = DEBUG;
				SWIFT_OPTIMIZATION_LEVEL = "-Onone";
			};
			name = Debug;
		};
		6CDB0F3C2A727D41002F276F /* Release */ = {
			isa = XCBuildConfiguration;
			buildSettings = {
				ALWAYS_SEARCH_USER_PATHS = NO;
				CLANG_ANALYZER_NONNULL = YES;
				CLANG_ANALYZER_NUMBER_OBJECT_CONVERSION = YES_AGGRESSIVE;
				CLANG_CXX_LANGUAGE_STANDARD = "gnu++20";
				CLANG_ENABLE_MODULES = YES;
				CLANG_ENABLE_OBJC_ARC = YES;
				CLANG_ENABLE_OBJC_WEAK = YES;
				CLANG_WARN_BLOCK_CAPTURE_AUTORELEASING = YES;
				CLANG_WARN_BOOL_CONVERSION = YES;
				CLANG_WARN_COMMA = YES;
				CLANG_WARN_CONSTANT_CONVERSION = YES;
				CLANG_WARN_DEPRECATED_OBJC_IMPLEMENTATIONS = YES;
				CLANG_WARN_DIRECT_OBJC_ISA_USAGE = YES_ERROR;
				CLANG_WARN_DOCUMENTATION_COMMENTS = YES;
				CLANG_WARN_EMPTY_BODY = YES;
				CLANG_WARN_ENUM_CONVERSION = YES;
				CLANG_WARN_INFINITE_RECURSION = YES;
				CLANG_WARN_INT_CONVERSION = YES;
				CLANG_WARN_NON_LITERAL_NULL_CONVERSION = YES;
				CLANG_WARN_OBJC_IMPLICIT_RETAIN_SELF = YES;
				CLANG_WARN_OBJC_LITERAL_CONVERSION = YES;
				CLANG_WARN_OBJC_ROOT_CLASS = YES_ERROR;
				CLANG_WARN_QUOTED_INCLUDE_IN_FRAMEWORK_HEADER = YES;
				CLANG_WARN_RANGE_LOOP_ANALYSIS = YES;
				CLANG_WARN_STRICT_PROTOTYPES = YES;
				CLANG_WARN_SUSPICIOUS_MOVE = YES;
				CLANG_WARN_UNGUARDED_AVAILABILITY = YES_AGGRESSIVE;
				CLANG_WARN_UNREACHABLE_CODE = YES;
				CLANG_WARN__DUPLICATE_METHOD_MATCH = YES;
				COPY_PHASE_STRIP = NO;
				DEBUG_INFORMATION_FORMAT = "dwarf-with-dsym";
				ENABLE_NS_ASSERTIONS = NO;
				ENABLE_STRICT_OBJC_MSGSEND = YES;
				GCC_C_LANGUAGE_STANDARD = gnu11;
				GCC_NO_COMMON_BLOCKS = YES;
				GCC_WARN_64_TO_32_BIT_CONVERSION = YES;
				GCC_WARN_ABOUT_RETURN_TYPE = YES_ERROR;
				GCC_WARN_UNDECLARED_SELECTOR = YES;
				GCC_WARN_UNINITIALIZED_AUTOS = YES_AGGRESSIVE;
				GCC_WARN_UNUSED_FUNCTION = YES;
				GCC_WARN_UNUSED_VARIABLE = YES;
				MACOSX_DEPLOYMENT_TARGET = 13.3;
				MTL_ENABLE_DEBUG_INFO = NO;
				MTL_FAST_MATH = YES;
				SDKROOT = macosx;
				SWIFT_COMPILATION_MODE = wholemodule;
				SWIFT_OPTIMIZATION_LEVEL = "-O";
			};
			name = Release;
		};
		6CDB0F3E2A727D41002F276F /* Debug */ = {
			isa = XCBuildConfiguration;
			buildSettings = {
				ASSETCATALOG_COMPILER_APPICON_NAME = AppIcon;
				ASSETCATALOG_COMPILER_GLOBAL_ACCENT_COLOR_NAME = AccentColor;
				CODE_SIGN_ENTITLEMENTS = MegatenFusionTool/MegatenFusionTool.entitlements;
				CODE_SIGN_STYLE = Automatic;
				COMBINE_HIDPI_IMAGES = YES;
				CURRENT_PROJECT_VERSION = 1;
				DEVELOPMENT_ASSET_PATHS = "\"MegatenFusionTool/Preview Content\"";
				DEVELOPMENT_TEAM = LV45C3UDC8;
				ENABLE_PREVIEWS = YES;
				GENERATE_INFOPLIST_FILE = YES;
				INFOPLIST_KEY_NSHumanReadableCopyright = "";
				LD_RUNPATH_SEARCH_PATHS = (
					"$(inherited)",
					"@executable_path/../Frameworks",
				);
				MARKETING_VERSION = 1.0;
				PRODUCT_BUNDLE_IDENTIFIER = com.rcury.MegatenFusionTool;
				PRODUCT_NAME = "$(TARGET_NAME)";
				SUPPORTED_PLATFORMS = "iphoneos iphonesimulator";
				SUPPORTS_MACCATALYST = NO;
				SUPPORTS_MAC_DESIGNED_FOR_IPHONE_IPAD = NO;
				SWIFT_EMIT_LOC_STRINGS = YES;
				SWIFT_VERSION = 5.0;
				TARGETED_DEVICE_FAMILY = 1;
			};
			name = Debug;
		};
		6CDB0F3F2A727D41002F276F /* Release */ = {
			isa = XCBuildConfiguration;
			buildSettings = {
				ASSETCATALOG_COMPILER_APPICON_NAME = AppIcon;
				ASSETCATALOG_COMPILER_GLOBAL_ACCENT_COLOR_NAME = AccentColor;
				CODE_SIGN_ENTITLEMENTS = MegatenFusionTool/MegatenFusionTool.entitlements;
				CODE_SIGN_STYLE = Automatic;
				COMBINE_HIDPI_IMAGES = YES;
				CURRENT_PROJECT_VERSION = 1;
				DEVELOPMENT_ASSET_PATHS = "\"MegatenFusionTool/Preview Content\"";
				DEVELOPMENT_TEAM = LV45C3UDC8;
				ENABLE_PREVIEWS = YES;
				GENERATE_INFOPLIST_FILE = YES;
				INFOPLIST_KEY_NSHumanReadableCopyright = "";
				LD_RUNPATH_SEARCH_PATHS = (
					"$(inherited)",
					"@executable_path/../Frameworks",
				);
				MARKETING_VERSION = 1.0;
				PRODUCT_BUNDLE_IDENTIFIER = com.rcury.MegatenFusionTool;
				PRODUCT_NAME = "$(TARGET_NAME)";
				SUPPORTED_PLATFORMS = "iphoneos iphonesimulator";
				SUPPORTS_MACCATALYST = NO;
				SUPPORTS_MAC_DESIGNED_FOR_IPHONE_IPAD = NO;
				SWIFT_EMIT_LOC_STRINGS = YES;
				SWIFT_VERSION = 5.0;
				TARGETED_DEVICE_FAMILY = 1;
			};
			name = Release;
		};
/* End XCBuildConfiguration section */

/* Begin XCConfigurationList section */
		6CDB0F242A727D40002F276F /* Build configuration list for PBXProject "MegatenFusionTool" */ = {
			isa = XCConfigurationList;
			buildConfigurations = (
				6CDB0F3B2A727D41002F276F /* Debug */,
				6CDB0F3C2A727D41002F276F /* Release */,
			);
			defaultConfigurationIsVisible = 0;
			defaultConfigurationName = Release;
		};
		6CDB0F3D2A727D41002F276F /* Build configuration list for PBXNativeTarget "MegatenFusionTool" */ = {
			isa = XCConfigurationList;
			buildConfigurations = (
				6CDB0F3E2A727D41002F276F /* Debug */,
				6CDB0F3F2A727D41002F276F /* Release */,
			);
			defaultConfigurationIsVisible = 0;
			defaultConfigurationName = Release;
		};
/* End XCConfigurationList section */

/* Begin XCVersionGroup section */
		6CDB0F372A727D41002F276F /* MegatenFusionTool.xcdatamodeld */ = {
			isa = XCVersionGroup;
			children = (
				6CDB0F382A727D41002F276F /* MegatenFusionTool.xcdatamodel */,
			);
			currentVersion = 6CDB0F382A727D41002F276F /* MegatenFusionTool.xcdatamodel */;
			path = MegatenFusionTool.xcdatamodeld;
			sourceTree = "<group>";
			versionGroupType = wrapper.xcdatamodel;
		};
/* End XCVersionGroup section */
	};
	rootObject = 6CDB0F212A727D40002F276F /* Project object */;
}
